{
  "name": "assem-elqersh.github.io",
  "lockfileVersion": 3,
  "requires": true,
  "packages": {
    "": {
      "dependencies": {
        "web-vitals": "^5.0.3"
      }
    },
    "node_modules/web-vitals": {
      "version": "5.0.3",
      "resolved": "https://registry.npmjs.org/web-vitals/-/web-vitals-5.0.3.tgz",
      "integrity": "sha512-4KmOFYxj7qT6RAdCH0SWwq8eKeXNhAFXR4PmgF6nrWFmrJ41n7lq3UCA6UK0GebQ4uu+XP8e8zGjaDO3wZlqTg==",
      "license": "Apache-2.0"
    }
  }
}
